
Microsoft Visual Studio Solution File, Format Version 12.00
# Visual Studio Version 16
VisualStudioVersion = 16.0.32228.343
MinimumVisualStudioVersion = 10.0.40219.1
Project("{FAE04EC0-301F-11D3-BF4B-00C04F79EFBC}") = "Citas", "Citas\Citas.csproj", "{0AD260A9-F30B-42D6-B7DF-CE6AAB4747A0}"
EndProject
Global
	GlobalSection(SolutionConfigurationPlatforms) = preSolution
		Debug|Any CPU = Debug|Any CPU
		Release|Any CPU = Release|Any CPU
	EndGlobalSection
	GlobalSection(ProjectConfigurationPlatforms) = postSolution
		{0AD260A9-F30B-42D6-B7DF-CE6AAB4747A0}.Debug|Any CPU.ActiveCfg = Debug|Any CPU
		{0AD260A9-F30B-42D6-B7DF-CE6AAB4747A0}.Debug|Any CPU.Build.0 = Debug|Any CPU
		{0AD260A9-F30B-42D6-B7DF-CE6AAB4747A0}.Release|Any CPU.ActiveCfg = Release|Any CPU
		{0AD260A9-F30B-42D6-B7DF-CE6AAB4747A0}.Release|Any CPU.Build.0 = Release|Any CPU
	EndGlobalSection
	GlobalSection(SolutionProperties) = preSolution
		HideSolutionNode = FALSE
	EndGlobalSection
	GlobalSection(ExtensibilityGlobals) = postSolution
		SolutionGuid = {27836ED7-0E9C-4888-84F0-D9042A859D2B}
	EndGlobalSection
EndGlobal
